
Microsoft Visual Studio Solution File, Format Version 12.00
# Visual Studio Version 17
VisualStudioVersion = 17.1.32328.378
MinimumVisualStudioVersion = 10.0.40219.1
Project("{FAE04EC0-301F-11D3-BF4B-00C04F79EFBC}") = "Task_15_Console", "Task_15_Console\Task_15_Console.csproj", "{B1453D40-379B-4038-87AA-D2D2A67870C1}"
EndProject
Global
	GlobalSection(SolutionConfigurationPlatforms) = preSolution
		Debug|Any CPU = Debug|Any CPU
		Release|Any CPU = Release|Any CPU
	EndGlobalSection
	GlobalSection(ProjectConfigurationPlatforms) = postSolution
		{B1453D40-379B-4038-87AA-D2D2A67870C1}.Debug|Any CPU.ActiveCfg = Debug|Any CPU
		{B1453D40-379B-4038-87AA-D2D2A67870C1}.Debug|Any CPU.Build.0 = Debug|Any CPU
		{B1453D40-379B-4038-87AA-D2D2A67870C1}.Release|Any CPU.ActiveCfg = Release|Any CPU
		{B1453D40-379B-4038-87AA-D2D2A67870C1}.Release|Any CPU.Build.0 = Release|Any CPU
	EndGlobalSection
	GlobalSection(SolutionProperties) = preSolution
		HideSolutionNode = FALSE
	EndGlobalSection
	GlobalSection(ExtensibilityGlobals) = postSolution
		SolutionGuid = {AE6D0DAA-311F-4F0D-8E48-093E564524E8}
	EndGlobalSection
EndGlobal
